
Microsoft Visual Studio Solution File, Format Version 12.00
Project("{2150E333-8FDC-42A3-9474-1A3956D46DE8}") = "benchmarks", "benchmarks", "{66320409-64EC-F7C5-3DEF-65E7510DAAD1}"
EndProject
Project("{FAE04EC0-301F-11D3-BF4B-00C04F79EFBC}") = "AotAssemblyScan.Benchmarks", "benchmarks\AotAssemblyScan.Benchmarks\AotAssemblyScan.Benchmarks.csproj", "{1E4B6F4C-01EB-4B03-4764-8D0A3D331A00}"
EndProject
Project("{2150E333-8FDC-42A3-9474-1A3956D46DE8}") = "samples", "samples", "{5D20AA90-6969-D8BD-9DCD-8634F4692FDA}"
EndProject
Project("{FAE04EC0-301F-11D3-BF4B-00C04F79EFBC}") = "AotAssemblyScan.Sample.Options", "samples\AotAssemblyScan.Sample.Options\AotAssemblyScan.Sample.Options.csproj", "{37D0E242-FF83-818F-87D6-F027057FD4D8}"
EndProject
Project("{FAE04EC0-301F-11D3-BF4B-00C04F79EFBC}") = "AotAssemblyScan.Sample", "samples\AotAssemblyScan.Sample\AotAssemblyScan.Sample.csproj", "{CBF92360-208A-B0AF-8500-09ED21C62D6A}"
EndProject
Project("{2150E333-8FDC-42A3-9474-1A3956D46DE8}") = "sln", "sln", "{8BA072B9-6FFF-D962-2736-B8D91D2CDC13}"
	ProjectSection(SolutionItems) = preProject
		Readme.md = Readme.md
		.gitignore = .gitignore
		src\Directory.Build.props = src\Directory.Build.props
		src\Directory.Packages.props = src\Directory.Packages.props
		nuget.config = nuget.config
	EndProjectSection
EndProject
Project("{2150E333-8FDC-42A3-9474-1A3956D46DE8}") = "src", "src", "{827E0CD3-B72D-47B6-A68D-7590B98EB39B}"
EndProject
Project("{FAE04EC0-301F-11D3-BF4B-00C04F79EFBC}") = "AotAssemblyScan.Abstractions", "src\AotAssemblyScan.Abstractions\AotAssemblyScan.Abstractions.csproj", "{A4F78065-6FAF-6870-BD97-A0A86AF1F254}"
EndProject
Project("{FAE04EC0-301F-11D3-BF4B-00C04F79EFBC}") = "AotAssemblyScan", "src\AotAssemblyScan\AotAssemblyScan.csproj", "{3D10FB4F-80B5-2EDE-3D63-138FA3BC2979}"
EndProject
Project("{2150E333-8FDC-42A3-9474-1A3956D46DE8}") = "tests", "tests", "{0AB3BF05-4346-4AA6-1389-037BE0695223}"
EndProject
Project("{FAE04EC0-301F-11D3-BF4B-00C04F79EFBC}") = "AotAssemblyScan.Tests", "tests\AotAssemblyScan.Tests\AotAssemblyScan.Tests.csproj", "{14ED669F-9CA0-460E-76C3-C5089AC8C0E2}"
EndProject
Project("{2150E333-8FDC-42A3-9474-1A3956D46DE8}") = ".github", ".github", "{9C6578E7-E4FE-79BB-1635-F363CC1E80DD}"
EndProject
Project("{2150E333-8FDC-42A3-9474-1A3956D46DE8}") = "workflows", "workflows", "{E7A3C856-6834-D657-F2F0-05592DF2DDE9}"
	ProjectSection(SolutionItems) = preProject
		.github\workflows\pull-request.yml = .github\workflows\pull-request.yml
	EndProjectSection
EndProject
Global
	GlobalSection(SolutionConfigurationPlatforms) = preSolution
		Debug|Any CPU = Debug|Any CPU
		Release|Any CPU = Release|Any CPU
	EndGlobalSection
	GlobalSection(ProjectConfigurationPlatforms) = postSolution
		{1E4B6F4C-01EB-4B03-4764-8D0A3D331A00}.Debug|Any CPU.ActiveCfg = Debug|Any CPU
		{1E4B6F4C-01EB-4B03-4764-8D0A3D331A00}.Debug|Any CPU.Build.0 = Debug|Any CPU
		{1E4B6F4C-01EB-4B03-4764-8D0A3D331A00}.Release|Any CPU.ActiveCfg = Release|Any CPU
		{1E4B6F4C-01EB-4B03-4764-8D0A3D331A00}.Release|Any CPU.Build.0 = Release|Any CPU
		{37D0E242-FF83-818F-87D6-F027057FD4D8}.Debug|Any CPU.ActiveCfg = Debug|Any CPU
		{37D0E242-FF83-818F-87D6-F027057FD4D8}.Debug|Any CPU.Build.0 = Debug|Any CPU
		{37D0E242-FF83-818F-87D6-F027057FD4D8}.Release|Any CPU.ActiveCfg = Release|Any CPU
		{37D0E242-FF83-818F-87D6-F027057FD4D8}.Release|Any CPU.Build.0 = Release|Any CPU
		{CBF92360-208A-B0AF-8500-09ED21C62D6A}.Debug|Any CPU.ActiveCfg = Debug|Any CPU
		{CBF92360-208A-B0AF-8500-09ED21C62D6A}.Debug|Any CPU.Build.0 = Debug|Any CPU
		{CBF92360-208A-B0AF-8500-09ED21C62D6A}.Release|Any CPU.ActiveCfg = Release|Any CPU
		{CBF92360-208A-B0AF-8500-09ED21C62D6A}.Release|Any CPU.Build.0 = Release|Any CPU
		{A4F78065-6FAF-6870-BD97-A0A86AF1F254}.Debug|Any CPU.ActiveCfg = Debug|Any CPU
		{A4F78065-6FAF-6870-BD97-A0A86AF1F254}.Debug|Any CPU.Build.0 = Debug|Any CPU
		{A4F78065-6FAF-6870-BD97-A0A86AF1F254}.Release|Any CPU.ActiveCfg = Release|Any CPU
		{A4F78065-6FAF-6870-BD97-A0A86AF1F254}.Release|Any CPU.Build.0 = Release|Any CPU
		{3D10FB4F-80B5-2EDE-3D63-138FA3BC2979}.Debug|Any CPU.ActiveCfg = Debug|Any CPU
		{3D10FB4F-80B5-2EDE-3D63-138FA3BC2979}.Debug|Any CPU.Build.0 = Debug|Any CPU
		{3D10FB4F-80B5-2EDE-3D63-138FA3BC2979}.Release|Any CPU.ActiveCfg = Release|Any CPU
		{3D10FB4F-80B5-2EDE-3D63-138FA3BC2979}.Release|Any CPU.Build.0 = Release|Any CPU
		{14ED669F-9CA0-460E-76C3-C5089AC8C0E2}.Debug|Any CPU.ActiveCfg = Debug|Any CPU
		{14ED669F-9CA0-460E-76C3-C5089AC8C0E2}.Debug|Any CPU.Build.0 = Debug|Any CPU
		{14ED669F-9CA0-460E-76C3-C5089AC8C0E2}.Release|Any CPU.ActiveCfg = Release|Any CPU
		{14ED669F-9CA0-460E-76C3-C5089AC8C0E2}.Release|Any CPU.Build.0 = Release|Any CPU
	EndGlobalSection
	GlobalSection(NestedProjects) = preSolution
		{E7A3C856-6834-D657-F2F0-05592DF2DDE9} = {9C6578E7-E4FE-79BB-1635-F363CC1E80DD}
		{1E4B6F4C-01EB-4B03-4764-8D0A3D331A00} = {66320409-64EC-F7C5-3DEF-65E7510DAAD1}
		{37D0E242-FF83-818F-87D6-F027057FD4D8} = {5D20AA90-6969-D8BD-9DCD-8634F4692FDA}
		{CBF92360-208A-B0AF-8500-09ED21C62D6A} = {5D20AA90-6969-D8BD-9DCD-8634F4692FDA}
		{A4F78065-6FAF-6870-BD97-A0A86AF1F254} = {827E0CD3-B72D-47B6-A68D-7590B98EB39B}
		{3D10FB4F-80B5-2EDE-3D63-138FA3BC2979} = {827E0CD3-B72D-47B6-A68D-7590B98EB39B}
		{14ED669F-9CA0-460E-76C3-C5089AC8C0E2} = {0AB3BF05-4346-4AA6-1389-037BE0695223}
	EndGlobalSection
EndGlobal
